
Microsoft Visual Studio Solution File, Format Version 12.00
# Visual Studio Version 16
VisualStudioVersion = 16.0.31702.278
MinimumVisualStudioVersion = 10.0.40219.1
Project("{FAE04EC0-301F-11D3-BF4B-00C04F79EFBC}") = "LoginPanel1", "LoginPanel1\LoginPanel1.csproj", "{402BC544-6AAB-4A3E-97BB-560490DD1671}"
EndProject
Global
	GlobalSection(SolutionConfigurationPlatforms) = preSolution
		Debug|Any CPU = Debug|Any CPU
		Release|Any CPU = Release|Any CPU
	EndGlobalSection
	GlobalSection(ProjectConfigurationPlatforms) = postSolution
		{402BC544-6AAB-4A3E-97BB-560490DD1671}.Debug|Any CPU.ActiveCfg = Debug|Any CPU
		{402BC544-6AAB-4A3E-97BB-560490DD1671}.Debug|Any CPU.Build.0 = Debug|Any CPU
		{402BC544-6AAB-4A3E-97BB-560490DD1671}.Release|Any CPU.ActiveCfg = Release|Any CPU
		{402BC544-6AAB-4A3E-97BB-560490DD1671}.Release|Any CPU.Build.0 = Release|Any CPU
	EndGlobalSection
	GlobalSection(SolutionProperties) = preSolution
		HideSolutionNode = FALSE
	EndGlobalSection
	GlobalSection(ExtensibilityGlobals) = postSolution
		SolutionGuid = {AFBA9679-C6F0-4F4A-84D5-B47FE1CE61BF}
	EndGlobalSection
EndGlobal
